
Microsoft Visual Studio Solution File, Format Version 12.00
# Visual Studio Version 17
VisualStudioVersion = 17.5.33530.505
MinimumVisualStudioVersion = 10.0.40219.1
Project("{FAE04EC0-301F-11D3-BF4B-00C04F79EFBC}") = "ATM", "ATM\ATM.csproj", "{43F3B368-85A5-4994-ABB2-2214AE97122C}"
EndProject
Global
	GlobalSection(SolutionConfigurationPlatforms) = preSolution
		Debug|Any CPU = Debug|Any CPU
		Release|Any CPU = Release|Any CPU
	EndGlobalSection
	GlobalSection(ProjectConfigurationPlatforms) = postSolution
		{43F3B368-85A5-4994-ABB2-2214AE97122C}.Debug|Any CPU.ActiveCfg = Debug|Any CPU
		{43F3B368-85A5-4994-ABB2-2214AE97122C}.Debug|Any CPU.Build.0 = Debug|Any CPU
		{43F3B368-85A5-4994-ABB2-2214AE97122C}.Release|Any CPU.ActiveCfg = Release|Any CPU
		{43F3B368-85A5-4994-ABB2-2214AE97122C}.Release|Any CPU.Build.0 = Release|Any CPU
	EndGlobalSection
	GlobalSection(SolutionProperties) = preSolution
		HideSolutionNode = FALSE
	EndGlobalSection
	GlobalSection(ExtensibilityGlobals) = postSolution
		SolutionGuid = {B5013D52-A1C1-4FC1-B4C8-D8846730438F}
	EndGlobalSection
EndGlobal
